
Microsoft Visual Studio Solution File, Format Version 12.00
# Visual Studio Version 17
VisualStudioVersion = 17.7.34024.191
MinimumVisualStudioVersion = 10.0.40219.1
Project("{FAE04EC0-301F-11D3-BF4B-00C04F79EFBC}") = "ConsoleAppDiProva", "ConsoleAppDiProva\ConsoleAppDiProva.csproj", "{1FCC9EE7-905D-4668-9588-4947F7689234}"
EndProject
Global
	GlobalSection(SolutionConfigurationPlatforms) = preSolution
		Debug|Any CPU = Debug|Any CPU
		Release|Any CPU = Release|Any CPU
	EndGlobalSection
	GlobalSection(ProjectConfigurationPlatforms) = postSolution
		{1FCC9EE7-905D-4668-9588-4947F7689234}.Debug|Any CPU.ActiveCfg = Debug|Any CPU
		{1FCC9EE7-905D-4668-9588-4947F7689234}.Debug|Any CPU.Build.0 = Debug|Any CPU
		{1FCC9EE7-905D-4668-9588-4947F7689234}.Release|Any CPU.ActiveCfg = Release|Any CPU
		{1FCC9EE7-905D-4668-9588-4947F7689234}.Release|Any CPU.Build.0 = Release|Any CPU
	EndGlobalSection
	GlobalSection(SolutionProperties) = preSolution
		HideSolutionNode = FALSE
	EndGlobalSection
	GlobalSection(ExtensibilityGlobals) = postSolution
		SolutionGuid = {BA76D46D-2F77-4D72-B31F-A5A1413CCCF7}
	EndGlobalSection
EndGlobal
